
Microsoft Visual Studio Solution File, Format Version 12.00
# Visual Studio Version 17
VisualStudioVersion = 17.10.35122.118
MinimumVisualStudioVersion = 10.0.40219.1
Project("{FAE04EC0-301F-11D3-BF4B-00C04F79EFBC}") = "WebE-Book", "WebE-Book\WebE-Book.csproj", "{D58F8818-87E3-43DC-BC90-9DEEEFC72FC9}"
EndProject
Global
	GlobalSection(SolutionConfigurationPlatforms) = preSolution
		Debug|Any CPU = Debug|Any CPU
		Release|Any CPU = Release|Any CPU
	EndGlobalSection
	GlobalSection(ProjectConfigurationPlatforms) = postSolution
		{D58F8818-87E3-43DC-BC90-9DEEEFC72FC9}.Debug|Any CPU.ActiveCfg = Debug|Any CPU
		{D58F8818-87E3-43DC-BC90-9DEEEFC72FC9}.Debug|Any CPU.Build.0 = Debug|Any CPU
		{D58F8818-87E3-43DC-BC90-9DEEEFC72FC9}.Release|Any CPU.ActiveCfg = Release|Any CPU
		{D58F8818-87E3-43DC-BC90-9DEEEFC72FC9}.Release|Any CPU.Build.0 = Release|Any CPU
	EndGlobalSection
	GlobalSection(SolutionProperties) = preSolution
		HideSolutionNode = FALSE
	EndGlobalSection
	GlobalSection(ExtensibilityGlobals) = postSolution
		SolutionGuid = {471D561D-46BB-422C-8FB7-D0C587AE6DE1}
	EndGlobalSection
EndGlobal
